// !$*UTF8*$!
{
	archiveVersion = 1;
	classes = {
	};
	objectVersion = 56;
	objects = {

/* Begin PBXBuildFile section */
		CFD376E32BFBBD8700F6CD5E /* AppDelegate.m in Sources */ = {isa = PBXBuildFile; fileRef = CFD376E22BFBBD8700F6CD5E /* AppDelegate.m */; };
		CFD376E62BFBBD8700F6CD5E /* SceneDelegate.m in Sources */ = {isa = PBXBuildFile; fileRef = CFD376E52BFBBD8700F6CD5E /* SceneDelegate.m */; };
		CFD376E92BFBBD8700F6CD5E /* ViewController.m in Sources */ = {isa = PBXBuildFile; fileRef = CFD376E82BFBBD8700F6CD5E /* ViewController.m */; };
		CFD376EC2BFBBD8700F6CD5E /* Main.storyboard in Resources */ = {isa = PBXBuildFile; fileRef = CFD376EA2BFBBD8700F6CD5E /* Main.storyboard */; };
		CFD376EE2BFBBD8800F6CD5E /* Assets.xcassets in Resources */ = {isa = PBXBuildFile; fileRef = CFD376ED2BFBBD8800F6CD5E /* Assets.xcassets */; };
		CFD376F12BFBBD8800F6CD5E /* LaunchScreen.storyboard in Resources */ = {isa = PBXBuildFile; fileRef = CFD376EF2BFBBD8800F6CD5E /* LaunchScreen.storyboard */; };
		CFD376F42BFBBD8800F6CD5E /* main.m in Sources */ = {isa = PBXBuildFile; fileRef = CFD376F32BFBBD8800F6CD5E /* main.m */; };
		CFD376FC2BFBC01000F6CD5E /* SecondPage.m in Sources */ = {isa = PBXBuildFile; fileRef = CFD376FB2BFBC01000F6CD5E /* SecondPage.m */; };
/* End PBXBuildFile section */

/* Begin PBXFileReference section */
		CFD376DE2BFBBD8700F6CD5E /* LoginObjC.app */ = {isa = PBXFileReference; explicitFileType = wrapper.application; includeInIndex = 0; path = LoginObjC.app; sourceTree = BUILT_PRODUCTS_DIR; };
		CFD376E12BFBBD8700F6CD5E /* AppDelegate.h */ = {isa = PBXFileReference; lastKnownFileType = sourcecode.c.h; path = AppDelegate.h; sourceTree = "<group>"; };
		CFD376E22BFBBD8700F6CD5E /* AppDelegate.m */ = {isa = PBXFileReference; lastKnownFileType = sourcecode.c.objc; path = AppDelegate.m; sourceTree = "<group>"; };
		CFD376E42BFBBD8700F6CD5E /* SceneDelegate.h */ = {isa = PBXFileReference; lastKnownFileType = sourcecode.c.h; path = SceneDelegate.h; sourceTree = "<group>"; };
		CFD376E52BFBBD8700F6CD5E /* SceneDelegate.m */ = {isa = PBXFileReference; lastKnownFileType = sourcecode.c.objc; path = SceneDelegate.m; sourceTree = "<group>"; };
		CFD376E72BFBBD8700F6CD5E /* ViewController.h */ = {isa = PBXFileReference; lastKnownFileType = sourcecode.c.h; path = ViewController.h; sourceTree = "<group>"; };
		CFD376E82BFBBD8700F6CD5E /* ViewController.m */ = {isa = PBXFileReference; lastKnownFileType = sourcecode.c.objc; path = ViewController.m; sourceTree = "<group>"; };
		CFD376EB2BFBBD8700F6CD5E /* Base */ = {isa = PBXFileReference; lastKnownFileType = file.storyboard; name = Base; path = Base.lproj/Main.storyboard; sourceTree = "<group>"; };
		CFD376ED2BFBBD8800F6CD5E /* Assets.xcassets */ = {isa = PBXFileReference; lastKnownFileType = folder.assetcatalog; path = Assets.xcassets; sourceTree = "<group>"; };
		CFD376F02BFBBD8800F6CD5E /* Base */ = {isa = PBXFileReference; lastKnownFileType = file.storyboard; name = Base; path = Base.lproj/LaunchScreen.storyboard; sourceTree = "<group>"; };
		CFD376F22BFBBD8800F6CD5E /* Info.plist */ = {isa = PBXFileReference; lastKnownFileType = text.plist.xml; path = Info.plist; sourceTree = "<group>"; };
		CFD376F32BFBBD8800F6CD5E /* main.m */ = {isa = PBXFileReference; lastKnownFileType = sourcecode.c.objc; path = main.m; sourceTree = "<group>"; };
		CFD376FA2BFBC01000F6CD5E /* SecondPage.h */ = {isa = PBXFileReference; lastKnownFileType = sourcecode.c.h; path = SecondPage.h; sourceTree = "<group>"; };
		CFD376FB2BFBC01000F6CD5E /* SecondPage.m */ = {isa = PBXFileReference; lastKnownFileType = sourcecode.c.objc; path = SecondPage.m; sourceTree = "<group>"; };
/* End PBXFileReference section */

/* Begin PBXFrameworksBuildPhase section */
		CFD376DB2BFBBD8700F6CD5E /* Frameworks */ = {
			isa = PBXFrameworksBuildPhase;
			buildActionMask = 2147483647;
			files = (
			);
			runOnlyForDeploymentPostprocessing = 0;
		};
/* End PBXFrameworksBuildPhase section */

/* Begin PBXGroup section */
		CFD376D52BFBBD8700F6CD5E = {
			isa = PBXGroup;
			children = (
				CFD376E02BFBBD8700F6CD5E /* LoginObjC */,
				CFD376DF2BFBBD8700F6CD5E /* Products */,
			);
			sourceTree = "<group>";
		};
		CFD376DF2BFBBD8700F6CD5E /* Products */ = {
			isa = PBXGroup;
			children = (
				CFD376DE2BFBBD8700F6CD5E /* LoginObjC.app */,
			);
			name = Products;
			sourceTree = "<group>";
		};
		CFD376E02BFBBD8700F6CD5E /* LoginObjC */ = {
			isa = PBXGroup;
			children = (
				CFD376E12BFBBD8700F6CD5E /* AppDelegate.h */,
				CFD376E22BFBBD8700F6CD5E /* AppDelegate.m */,
				CFD376E42BFBBD8700F6CD5E /* SceneDelegate.h */,
				CFD376E52BFBBD8700F6CD5E /* SceneDelegate.m */,
				CFD376E72BFBBD8700F6CD5E /* ViewController.h */,
				CFD376E82BFBBD8700F6CD5E /* ViewController.m */,
				CFD376EA2BFBBD8700F6CD5E /* Main.storyboard */,
				CFD376FA2BFBC01000F6CD5E /* SecondPage.h */,
				CFD376FB2BFBC01000F6CD5E /* SecondPage.m */,
				CFD376ED2BFBBD8800F6CD5E /* Assets.xcassets */,
				CFD376EF2BFBBD8800F6CD5E /* LaunchScreen.storyboard */,
				CFD376F22BFBBD8800F6CD5E /* Info.plist */,
				CFD376F32BFBBD8800F6CD5E /* main.m */,
			);
			path = LoginObjC;
			sourceTree = "<group>";
		};
/* End PBXGroup section */

/* Begin PBXNativeTarget section */
		CFD376DD2BFBBD8700F6CD5E /* LoginObjC */ = {
			isa = PBXNativeTarget;
			buildConfigurationList = CFD376F72BFBBD8800F6CD5E /* Build configuration list for PBXNativeTarget "LoginObjC" */;
			buildPhases = (
				CFD376DA2BFBBD8700F6CD5E /* Sources */,
				CFD376DB2BFBBD8700F6CD5E /* Frameworks */,
				CFD376DC2BFBBD8700F6CD5E /* Resources */,
			);
			buildRules = (
			);
			dependencies = (
			);
			name = LoginObjC;
			productName = LoginObjC;
			productReference = CFD376DE2BFBBD8700F6CD5E /* LoginObjC.app */;
			productType = "com.apple.product-type.application";
		};
/* End PBXNativeTarget section */

/* Begin PBXProject section */
		CFD376D62BFBBD8700F6CD5E /* Project object */ = {
			isa = PBXProject;
			attributes = {
				BuildIndependentTargetsInParallel = 1;
				LastUpgradeCheck = 1520;
				TargetAttributes = {
					CFD376DD2BFBBD8700F6CD5E = {
						CreatedOnToolsVersion = 15.2;
					};
				};
			};
			buildConfigurationList = CFD376D92BFBBD8700F6CD5E /* Build configuration list for PBXProject "LoginObjC" */;
			compatibilityVersion = "Xcode 14.0";
			developmentRegion = en;
			hasScannedForEncodings = 0;
			knownRegions = (
				en,
				Base,
			);
			mainGroup = CFD376D52BFBBD8700F6CD5E;
			productRefGroup = CFD376DF2BFBBD8700F6CD5E /* Products */;
			projectDirPath = "";
			projectRoot = "";
			targets = (
				CFD376DD2BFBBD8700F6CD5E /* LoginObjC */,
			);
		};
/* End PBXProject section */

/* Begin PBXResourcesBuildPhase section */
		CFD376DC2BFBBD8700F6CD5E /* Resources */ = {
			isa = PBXResourcesBuildPhase;
			buildActionMask = 2147483647;
			files = (
				CFD376F12BFBBD8800F6CD5E /* LaunchScreen.storyboard in Resources */,
				CFD376EE2BFBBD8800F6CD5E /* Assets.xcassets in Resources */,
				CFD376EC2BFBBD8700F6CD5E /* Main.storyboard in Resources */,
			);
			runOnlyForDeploymentPostprocessing = 0;
		};
/* End PBXResourcesBuildPhase section */

/* Begin PBXSourcesBuildPhase section */
		CFD376DA2BFBBD8700F6CD5E /* Sources */ = {
			isa = PBXSourcesBuildPhase;
			buildActionMask = 2147483647;
			files = (
				CFD376E92BFBBD8700F6CD5E /* ViewController.m in Sources */,
				CFD376FC2BFBC01000F6CD5E /* SecondPage.m in Sources */,
				CFD376E32BFBBD8700F6CD5E /* AppDelegate.m in Sources */,
				CFD376F42BFBBD8800F6CD5E /* main.m in Sources */,
				CFD376E62BFBBD8700F6CD5E /* SceneDelegate.m in Sources */,
			);
			runOnlyForDeploymentPostprocessing = 0;
		};
/* End PBXSourcesBuildPhase section */

/* Begin PBXVariantGroup section */
		CFD376EA2BFBBD8700F6CD5E /* Main.storyboard */ = {
			isa = PBXVariantGroup;
			children = (
				CFD376EB2BFBBD8700F6CD5E /* Base */,
			);
			name = Main.storyboard;
			sourceTree = "<group>";
		};
		CFD376EF2BFBBD8800F6CD5E /* LaunchScreen.storyboard */ = {
			isa = PBXVariantGroup;
			children = (
				CFD376F02BFBBD8800F6CD5E /* Base */,
			);
			name = LaunchScreen.storyboard;
			sourceTree = "<group>";
		};
/* End PBXVariantGroup section */

/* Begin XCBuildConfiguration section */
		CFD376F52BFBBD8800F6CD5E /* Debug */ = {
			isa = XCBuildConfiguration;
			buildSettings = {
				ALWAYS_SEARCH_USER_PATHS = NO;
				ASSETCATALOG_COMPILER_GENERATE_SWIFT_ASSET_SYMBOL_EXTENSIONS = YES;
				CLANG_ANALYZER_NONNULL = YES;
				CLANG_ANALYZER_NUMBER_OBJECT_CONVERSION = YES_AGGRESSIVE;
				CLANG_CXX_LANGUAGE_STANDARD = "gnu++20";
				CLANG_ENABLE_MODULES = YES;
				CLANG_ENABLE_OBJC_ARC = YES;
				CLANG_ENABLE_OBJC_WEAK = YES;
				CLANG_WARN_BLOCK_CAPTURE_AUTORELEASING = YES;
				CLANG_WARN_BOOL_CONVERSION = YES;
				CLANG_WARN_COMMA = YES;
				CLANG_WARN_CONSTANT_CONVERSION = YES;
				CLANG_WARN_DEPRECATED_OBJC_IMPLEMENTATIONS = YES;
				CLANG_WARN_DIRECT_OBJC_ISA_USAGE = YES_ERROR;
				CLANG_WARN_DOCUMENTATION_COMMENTS = YES;
				CLANG_WARN_EMPTY_BODY = YES;
				CLANG_WARN_ENUM_CONVERSION = YES;
				CLANG_WARN_INFINITE_RECURSION = YES;
				CLANG_WARN_INT_CONVERSION = YES;
				CLANG_WARN_NON_LITERAL_NULL_CONVERSION = YES;
				CLANG_WARN_OBJC_IMPLICIT_RETAIN_SELF = YES;
				CLANG_WARN_OBJC_LITERAL_CONVERSION = YES;
				CLANG_WARN_OBJC_ROOT_CLASS = YES_ERROR;
				CLANG_WARN_QUOTED_INCLUDE_IN_FRAMEWORK_HEADER = YES;
				CLANG_WARN_RANGE_LOOP_ANALYSIS = YES;
				CLANG_WARN_STRICT_PROTOTYPES = YES;
				CLANG_WARN_SUSPICIOUS_MOVE = YES;
				CLANG_WARN_UNGUARDED_AVAILABILITY = YES_AGGRESSIVE;
				CLANG_WARN_UNREACHABLE_CODE = YES;
				CLANG_WARN__DUPLICATE_METHOD_MATCH = YES;
				COPY_PHASE_STRIP = NO;
				DEBUG_INFORMATION_FORMAT = dwarf;
				ENABLE_STRICT_OBJC_MSGSEND = YES;
				ENABLE_TESTABILITY = YES;
				ENABLE_USER_SCRIPT_SANDBOXING = YES;
				GCC_C_LANGUAGE_STANDARD = gnu17;
				GCC_DYNAMIC_NO_PIC = NO;
				GCC_NO_COMMON_BLOCKS = YES;
				GCC_OPTIMIZATION_LEVEL = 0;
				GCC_PREPROCESSOR_DEFINITIONS = (
					"DEBUG=1",
					"$(inherited)",
				);
				GCC_WARN_64_TO_32_BIT_CONVERSION = YES;
				GCC_WARN_ABOUT_RETURN_TYPE = YES_ERROR;
				GCC_WARN_UNDECLARED_SELECTOR = YES;
				GCC_WARN_UNINITIALIZED_AUTOS = YES_AGGRESSIVE;
				GCC_WARN_UNUSED_FUNCTION = YES;
				GCC_WARN_UNUSED_VARIABLE = YES;
				IPHONEOS_DEPLOYMENT_TARGET = 17.2;
				LOCALIZATION_PREFERS_STRING_CATALOGS = YES;
				MTL_ENABLE_DEBUG_INFO = INCLUDE_SOURCE;
				MTL_FAST_MATH = YES;
				ONLY_ACTIVE_ARCH = YES;
				SDKROOT = iphoneos;
			};
			name = Debug;
		};
		CFD376F62BFBBD8800F6CD5E /* Release */ = {
			isa = XCBuildConfiguration;
			buildSettings = {
				ALWAYS_SEARCH_USER_PATHS = NO;
				ASSETCATALOG_COMPILER_GENERATE_SWIFT_ASSET_SYMBOL_EXTENSIONS = YES;
				CLANG_ANALYZER_NONNULL = YES;
				CLANG_ANALYZER_NUMBER_OBJECT_CONVERSION = YES_AGGRESSIVE;
				CLANG_CXX_LANGUAGE_STANDARD = "gnu++20";
				CLANG_ENABLE_MODULES = YES;
				CLANG_ENABLE_OBJC_ARC = YES;
				CLANG_ENABLE_OBJC_WEAK = YES;
				CLANG_WARN_BLOCK_CAPTURE_AUTORELEASING = YES;
				CLANG_WARN_BOOL_CONVERSION = YES;
				CLANG_WARN_COMMA = YES;
				CLANG_WARN_CONSTANT_CONVERSION = YES;
				CLANG_WARN_DEPRECATED_OBJC_IMPLEMENTATIONS = YES;
				CLANG_WARN_DIRECT_OBJC_ISA_USAGE = YES_ERROR;
				CLANG_WARN_DOCUMENTATION_COMMENTS = YES;
				CLANG_WARN_EMPTY_BODY = YES;
				CLANG_WARN_ENUM_CONVERSION = YES;
				CLANG_WARN_INFINITE_RECURSION = YES;
				CLANG_WARN_INT_CONVERSION = YES;
				CLANG_WARN_NON_LITERAL_NULL_CONVERSION = YES;
				CLANG_WARN_OBJC_IMPLICIT_RETAIN_SELF = YES;
				CLANG_WARN_OBJC_LITERAL_CONVERSION = YES;
				CLANG_WARN_OBJC_ROOT_CLASS = YES_ERROR;
				CLANG_WARN_QUOTED_INCLUDE_IN_FRAMEWORK_HEADER = YES;
				CLANG_WARN_RANGE_LOOP_ANALYSIS = YES;
				CLANG_WARN_STRICT_PROTOTYPES = YES;
				CLANG_WARN_SUSPICIOUS_MOVE = YES;
				CLANG_WARN_UNGUARDED_AVAILABILITY = YES_AGGRESSIVE;
				CLANG_WARN_UNREACHABLE_CODE = YES;
				CLANG_WARN__DUPLICATE_METHOD_MATCH = YES;
				COPY_PHASE_STRIP = NO;
				DEBUG_INFORMATION_FORMAT = "dwarf-with-dsym";
				ENABLE_NS_ASSERTIONS = NO;
				ENABLE_STRICT_OBJC_MSGSEND = YES;
				ENABLE_USER_SCRIPT_SANDBOXING = YES;
				GCC_C_LANGUAGE_STANDARD = gnu17;
				GCC_NO_COMMON_BLOCKS = YES;
				GCC_WARN_64_TO_32_BIT_CONVERSION = YES;
				GCC_WARN_ABOUT_RETURN_TYPE = YES_ERROR;
				GCC_WARN_UNDECLARED_SELECTOR = YES;
				GCC_WARN_UNINITIALIZED_AUTOS = YES_AGGRESSIVE;
				GCC_WARN_UNUSED_FUNCTION = YES;
				GCC_WARN_UNUSED_VARIABLE = YES;
				IPHONEOS_DEPLOYMENT_TARGET = 17.2;
				LOCALIZATION_PREFERS_STRING_CATALOGS = YES;
				MTL_ENABLE_DEBUG_INFO = NO;
				MTL_FAST_MATH = YES;
				SDKROOT = iphoneos;
				VALIDATE_PRODUCT = YES;
			};
			name = Release;
		};
		CFD376F82BFBBD8800F6CD5E /* Debug */ = {
			isa = XCBuildConfiguration;
			buildSettings = {
				ASSETCATALOG_COMPILER_APPICON_NAME = AppIcon;
				ASSETCATALOG_COMPILER_GLOBAL_ACCENT_COLOR_NAME = AccentColor;
				CODE_SIGN_STYLE = Automatic;
				CURRENT_PROJECT_VERSION = 1;
				DEVELOPMENT_TEAM = FT92YN4VXW;
				GENERATE_INFOPLIST_FILE = YES;
				INFOPLIST_FILE = LoginObjC/Info.plist;
				INFOPLIST_KEY_UIApplicationSupportsIndirectInputEvents = YES;
				INFOPLIST_KEY_UILaunchStoryboardName = LaunchScreen;
				INFOPLIST_KEY_UIMainStoryboardFile = Main;
				INFOPLIST_KEY_UISupportedInterfaceOrientations_iPad = "UIInterfaceOrientationPortrait UIInterfaceOrientationPortraitUpsideDown UIInterfaceOrientationLandscapeLeft UIInterfaceOrientationLandscapeRight";
				INFOPLIST_KEY_UISupportedInterfaceOrientations_iPhone = "UIInterfaceOrientationPortrait UIInterfaceOrientationLandscapeLeft UIInterfaceOrientationLandscapeRight";
				LD_RUNPATH_SEARCH_PATHS = (
					"$(inherited)",
					"@executable_path/Frameworks",
				);
				MARKETING_VERSION = 1.0;
				PRODUCT_BUNDLE_IDENTIFIER = com.code.LoginObjC;
				PRODUCT_NAME = "$(TARGET_NAME)";
				SWIFT_EMIT_LOC_STRINGS = YES;
				TARGETED_DEVICE_FAMILY = "1,2";
			};
			name = Debug;
		};
		CFD376F92BFBBD8800F6CD5E /* Release */ = {
			isa = XCBuildConfiguration;
			buildSettings = {
				ASSETCATALOG_COMPILER_APPICON_NAME = AppIcon;
				ASSETCATALOG_COMPILER_GLOBAL_ACCENT_COLOR_NAME = AccentColor;
				CODE_SIGN_STYLE = Automatic;
				CURRENT_PROJECT_VERSION = 1;
				DEVELOPMENT_TEAM = FT92YN4VXW;
				GENERATE_INFOPLIST_FILE = YES;
				INFOPLIST_FILE = LoginObjC/Info.plist;
				INFOPLIST_KEY_UIApplicationSupportsIndirectInputEvents = YES;
				INFOPLIST_KEY_UILaunchStoryboardName = LaunchScreen;
				INFOPLIST_KEY_UIMainStoryboardFile = Main;
				INFOPLIST_KEY_UISupportedInterfaceOrientations_iPad = "UIInterfaceOrientationPortrait UIInterfaceOrientationPortraitUpsideDown UIInterfaceOrientationLandscapeLeft UIInterfaceOrientationLandscapeRight";
				INFOPLIST_KEY_UISupportedInterfaceOrientations_iPhone = "UIInterfaceOrientationPortrait UIInterfaceOrientationLandscapeLeft UIInterfaceOrientationLandscapeRight";
				LD_RUNPATH_SEARCH_PATHS = (
					"$(inherited)",
					"@executable_path/Frameworks",
				);
				MARKETING_VERSION = 1.0;
				PRODUCT_BUNDLE_IDENTIFIER = com.code.LoginObjC;
				PRODUCT_NAME = "$(TARGET_NAME)";
				SWIFT_EMIT_LOC_STRINGS = YES;
				TARGETED_DEVICE_FAMILY = "1,2";
			};
			name = Release;
		};
/* End XCBuildConfiguration section */

/* Begin XCConfigurationList section */
		CFD376D92BFBBD8700F6CD5E /* Build configuration list for PBXProject "LoginObjC" */ = {
			isa = XCConfigurationList;
			buildConfigurations = (
				CFD376F52BFBBD8800F6CD5E /* Debug */,
				CFD376F62BFBBD8800F6CD5E /* Release */,
			);
			defaultConfigurationIsVisible = 0;
			defaultConfigurationName = Release;
		};
		CFD376F72BFBBD8800F6CD5E /* Build configuration list for PBXNativeTarget "LoginObjC" */ = {
			isa = XCConfigurationList;
			buildConfigurations = (
				CFD376F82BFBBD8800F6CD5E /* Debug */,
				CFD376F92BFBBD8800F6CD5E /* Release */,
			);
			defaultConfigurationIsVisible = 0;
			defaultConfigurationName = Release;
		};
/* End XCConfigurationList section */
	};
	rootObject = CFD376D62BFBBD8700F6CD5E /* Project object */;
}
